// !$*UTF8*$!
{
	archiveVersion = 1;
	classes = {
	};
	objectVersion = 50;
	objects = {

/* Begin PBXBuildFile section */
		B621A2552358B2270050393C /* AppDelegate.swift in Sources */ = {isa = PBXBuildFile; fileRef = B621A2542358B2270050393C /* AppDelegate.swift */; };
		B621A2572358B2270050393C /* ViewController.swift in Sources */ = {isa = PBXBuildFile; fileRef = B621A2562358B2270050393C /* ViewController.swift */; };
		B621A25A2358B2270050393C /* Main.storyboard in Resources */ = {isa = PBXBuildFile; fileRef = B621A2582358B2270050393C /* Main.storyboard */; };
		B621A25C2358B2280050393C /* Assets.xcassets in Resources */ = {isa = PBXBuildFile; fileRef = B621A25B2358B2280050393C /* Assets.xcassets */; };
		B621A25F2358B2280050393C /* LaunchScreen.storyboard in Resources */ = {isa = PBXBuildFile; fileRef = B621A25D2358B2280050393C /* LaunchScreen.storyboard */; };
		B621A26A2358B2280050393C /* iosAppTests.swift in Sources */ = {isa = PBXBuildFile; fileRef = B621A2692358B2280050393C /* iosAppTests.swift */; };
		B621A2752358B2280050393C /* iosAppUITests.swift in Sources */ = {isa = PBXBuildFile; fileRef = B621A2742358B2280050393C /* iosAppUITests.swift */; };
		D48F6FC7DCDF3BC817A1CD56 /* Pods_iosApp.framework in Frameworks */ = {isa = PBXBuildFile; fileRef = E9B0E535A9B84069BE03A5B3 /* Pods_iosApp.framework */; };
/* End PBXBuildFile section */

/* Begin PBXContainerItemProxy section */
		B621A2662358B2280050393C /* PBXContainerItemProxy */ = {
			isa = PBXContainerItemProxy;
			containerPortal = B621A2492358B2270050393C /* Project object */;
			proxyType = 1;
			remoteGlobalIDString = B621A2502358B2270050393C;
			remoteInfo = iosApp;
		};
		B621A2712358B2280050393C /* PBXContainerItemProxy */ = {
			isa = PBXContainerItemProxy;
			containerPortal = B621A2492358B2270050393C /* Project object */;
			proxyType = 1;
			remoteGlobalIDString = B621A2502358B2270050393C;
			remoteInfo = iosApp;
		};
/* End PBXContainerItemProxy section */

/* Begin PBXFileReference section */
		515EB94C7183FB7B14436701 /* Pods-iosApp.debug.xcconfig */ = {isa = PBXFileReference; includeInIndex = 1; lastKnownFileType = text.xcconfig; name = "Pods-iosApp.debug.xcconfig"; path = "Target Support Files/Pods-iosApp/Pods-iosApp.debug.xcconfig"; sourceTree = "<group>"; };
		B621A2512358B2270050393C /* iosApp.app */ = {isa = PBXFileReference; explicitFileType = wrapper.application; includeInIndex = 0; path = iosApp.app; sourceTree = BUILT_PRODUCTS_DIR; };
		B621A2542358B2270050393C /* AppDelegate.swift */ = {isa = PBXFileReference; lastKnownFileType = sourcecode.swift; path = AppDelegate.swift; sourceTree = "<group>"; };
		B621A2562358B2270050393C /* ViewController.swift */ = {isa = PBXFileReference; lastKnownFileType = sourcecode.swift; path = ViewController.swift; sourceTree = "<group>"; };
		B621A2592358B2270050393C /* Base */ = {isa = PBXFileReference; lastKnownFileType = file.storyboard; name = Base; path = Base.lproj/Main.storyboard; sourceTree = "<group>"; };
		B621A25B2358B2280050393C /* Assets.xcassets */ = {isa = PBXFileReference; lastKnownFileType = folder.assetcatalog; path = Assets.xcassets; sourceTree = "<group>"; };
		B621A25E2358B2280050393C /* Base */ = {isa = PBXFileReference; lastKnownFileType = file.storyboard; name = Base; path = Base.lproj/LaunchScreen.storyboard; sourceTree = "<group>"; };
		B621A2602358B2280050393C /* Info.plist */ = {isa = PBXFileReference; lastKnownFileType = text.plist.xml; path = Info.plist; sourceTree = "<group>"; };
		B621A2652358B2280050393C /* iosAppTests.xctest */ = {isa = PBXFileReference; explicitFileType = wrapper.cfbundle; includeInIndex = 0; path = iosAppTests.xctest; sourceTree = BUILT_PRODUCTS_DIR; };
		B621A2692358B2280050393C /* iosAppTests.swift */ = {isa = PBXFileReference; lastKnownFileType = sourcecode.swift; path = iosAppTests.swift; sourceTree = "<group>"; };
		B621A26B2358B2280050393C /* Info.plist */ = {isa = PBXFileReference; lastKnownFileType = text.plist.xml; path = Info.plist; sourceTree = "<group>"; };
		B621A2702358B2280050393C /* iosAppUITests.xctest */ = {isa = PBXFileReference; explicitFileType = wrapper.cfbundle; includeInIndex = 0; path = iosAppUITests.xctest; sourceTree = BUILT_PRODUCTS_DIR; };
		B621A2742358B2280050393C /* iosAppUITests.swift */ = {isa = PBXFileReference; lastKnownFileType = sourcecode.swift; path = iosAppUITests.swift; sourceTree = "<group>"; };
		B621A2762358B2280050393C /* Info.plist */ = {isa = PBXFileReference; lastKnownFileType = text.plist.xml; path = Info.plist; sourceTree = "<group>"; };
		E30AC6C269AA06E58714A61B /* Pods-iosApp.release.xcconfig */ = {isa = PBXFileReference; includeInIndex = 1; lastKnownFileType = text.xcconfig; name = "Pods-iosApp.release.xcconfig"; path = "Target Support Files/Pods-iosApp/Pods-iosApp.release.xcconfig"; sourceTree = "<group>"; };
		E9B0E535A9B84069BE03A5B3 /* Pods_iosApp.framework */ = {isa = PBXFileReference; explicitFileType = wrapper.framework; includeInIndex = 0; path = Pods_iosApp.framework; sourceTree = BUILT_PRODUCTS_DIR; };
/* End PBXFileReference section */

/* Begin PBXFrameworksBuildPhase section */
		B621A24E2358B2270050393C /* Frameworks */ = {
			isa = PBXFrameworksBuildPhase;
			buildActionMask = 2147483647;
			files = (
				D48F6FC7DCDF3BC817A1CD56 /* Pods_iosApp.framework in Frameworks */,
			);
			runOnlyForDeploymentPostprocessing = 0;
		};
		B621A2622358B2280050393C /* Frameworks */ = {
			isa = PBXFrameworksBuildPhase;
			buildActionMask = 2147483647;
			files = (
			);
			runOnlyForDeploymentPostprocessing = 0;
		};
		B621A26D2358B2280050393C /* Frameworks */ = {
			isa = PBXFrameworksBuildPhase;
			buildActionMask = 2147483647;
			files = (
			);
			runOnlyForDeploymentPostprocessing = 0;
		};
/* End PBXFrameworksBuildPhase section */

/* Begin PBXGroup section */
		B621A2482358B2270050393C = {
			isa = PBXGroup;
			children = (
				B621A2532358B2270050393C /* iosApp */,
				B621A2682358B2280050393C /* iosAppTests */,
				B621A2732358B2280050393C /* iosAppUITests */,
				B621A2522358B2270050393C /* Products */,
				B728CC3435F4C72A32F1E8F9 /* Pods */,
				E4E14C590CC71A0D93B44BEF /* Frameworks */,
			);
			sourceTree = "<group>";
		};
		B621A2522358B2270050393C /* Products */ = {
			isa = PBXGroup;
			children = (
				B621A2512358B2270050393C /* iosApp.app */,
				B621A2652358B2280050393C /* iosAppTests.xctest */,
				B621A2702358B2280050393C /* iosAppUITests.xctest */,
			);
			name = Products;
			sourceTree = "<group>";
		};
		B621A2532358B2270050393C /* iosApp */ = {
			isa = PBXGroup;
			children = (
				B621A2542358B2270050393C /* AppDelegate.swift */,
				B621A2562358B2270050393C /* ViewController.swift */,
				B621A2582358B2270050393C /* Main.storyboard */,
				B621A25B2358B2280050393C /* Assets.xcassets */,
				B621A25D2358B2280050393C /* LaunchScreen.storyboard */,
				B621A2602358B2280050393C /* Info.plist */,
			);
			path = iosApp;
			sourceTree = "<group>";
		};
		B621A2682358B2280050393C /* iosAppTests */ = {
			isa = PBXGroup;
			children = (
				B621A2692358B2280050393C /* iosAppTests.swift */,
				B621A26B2358B2280050393C /* Info.plist */,
			);
			path = iosAppTests;
			sourceTree = "<group>";
		};
		B621A2732358B2280050393C /* iosAppUITests */ = {
			isa = PBXGroup;
			children = (
				B621A2742358B2280050393C /* iosAppUITests.swift */,
				B621A2762358B2280050393C /* Info.plist */,
			);
			path = iosAppUITests;
			sourceTree = "<group>";
		};
		B728CC3435F4C72A32F1E8F9 /* Pods */ = {
			isa = PBXGroup;
			children = (
				515EB94C7183FB7B14436701 /* Pods-iosApp.debug.xcconfig */,
				E30AC6C269AA06E58714A61B /* Pods-iosApp.release.xcconfig */,
			);
			name = Pods;
			path = Pods;
			sourceTree = "<group>";
		};
		E4E14C590CC71A0D93B44BEF /* Frameworks */ = {
			isa = PBXGroup;
			children = (
				E9B0E535A9B84069BE03A5B3 /* Pods_iosApp.framework */,
			);
			name = Frameworks;
			sourceTree = "<group>";
		};
/* End PBXGroup section */

/* Begin PBXNativeTarget section */
		B621A2502358B2270050393C /* iosApp */ = {
			isa = PBXNativeTarget;
			buildConfigurationList = B621A2792358B2280050393C /* Build configuration list for PBXNativeTarget "iosApp" */;
			buildPhases = (
				FD8C42824C137D917FF43B0D /* [CP] Check Pods Manifest.lock */,
				B621A24D2358B2270050393C /* Sources */,
				B621A24E2358B2270050393C /* Frameworks */,
				B621A24F2358B2270050393C /* Resources */,
			);
			buildRules = (
			);
			dependencies = (
			);
			name = iosApp;
			productName = iosApp;
			productReference = B621A2512358B2270050393C /* iosApp.app */;
			productType = "com.apple.product-type.application";
		};
		B621A2642358B2280050393C /* iosAppTests */ = {
			isa = PBXNativeTarget;
			buildConfigurationList = B621A27C2358B2280050393C /* Build configuration list for PBXNativeTarget "iosAppTests" */;
			buildPhases = (
				B621A2612358B2280050393C /* Sources */,
				B621A2622358B2280050393C /* Frameworks */,
				B621A2632358B2280050393C /* Resources */,
			);
			buildRules = (
			);
			dependencies = (
				B621A2672358B2280050393C /* PBXTargetDependency */,
			);
			name = iosAppTests;
			productName = iosAppTests;
			productReference = B621A2652358B2280050393C /* iosAppTests.xctest */;
			productType = "com.apple.product-type.bundle.unit-test";
		};
		B621A26F2358B2280050393C /* iosAppUITests */ = {
			isa = PBXNativeTarget;
			buildConfigurationList = B621A27F2358B2280050393C /* Build configuration list for PBXNativeTarget "iosAppUITests" */;
			buildPhases = (
				B621A26C2358B2280050393C /* Sources */,
				B621A26D2358B2280050393C /* Frameworks */,
				B621A26E2358B2280050393C /* Resources */,
			);
			buildRules = (
			);
			dependencies = (
				B621A2722358B2280050393C /* PBXTargetDependency */,
			);
			name = iosAppUITests;
			productName = iosAppUITests;
			productReference = B621A2702358B2280050393C /* iosAppUITests.xctest */;
			productType = "com.apple.product-type.bundle.ui-testing";
		};
/* End PBXNativeTarget section */

/* Begin PBXProject section */
		B621A2492358B2270050393C /* Project object */ = {
			isa = PBXProject;
			attributes = {
				LastSwiftUpdateCheck = 1030;
				LastUpgradeCheck = 1030;
				ORGANIZATIONNAME = "mohamed bennis";
				TargetAttributes = {
					B621A2502358B2270050393C = {
						CreatedOnToolsVersion = 10.3;
					};
					B621A2642358B2280050393C = {
						CreatedOnToolsVersion = 10.3;
						TestTargetID = B621A2502358B2270050393C;
					};
					B621A26F2358B2280050393C = {
						CreatedOnToolsVersion = 10.3;
						TestTargetID = B621A2502358B2270050393C;
					};
				};
			};
			buildConfigurationList = B621A24C2358B2270050393C /* Build configuration list for PBXProject "iosApp" */;
			compatibilityVersion = "Xcode 9.3";
			developmentRegion = en;
			hasScannedForEncodings = 0;
			knownRegions = (
				en,
				Base,
			);
			mainGroup = B621A2482358B2270050393C;
			productRefGroup = B621A2522358B2270050393C /* Products */;
			projectDirPath = "";
			projectRoot = "";
			targets = (
				B621A2502358B2270050393C /* iosApp */,
				B621A2642358B2280050393C /* iosAppTests */,
				B621A26F2358B2280050393C /* iosAppUITests */,
			);
		};
/* End PBXProject section */

/* Begin PBXResourcesBuildPhase section */
		B621A24F2358B2270050393C /* Resources */ = {
			isa = PBXResourcesBuildPhase;
			buildActionMask = 2147483647;
			files = (
				B621A25F2358B2280050393C /* LaunchScreen.storyboard in Resources */,
				B621A25C2358B2280050393C /* Assets.xcassets in Resources */,
				B621A25A2358B2270050393C /* Main.storyboard in Resources */,
			);
			runOnlyForDeploymentPostprocessing = 0;
		};
		B621A2632358B2280050393C /* Resources */ = {
			isa = PBXResourcesBuildPhase;
			buildActionMask = 2147483647;
			files = (
			);
			runOnlyForDeploymentPostprocessing = 0;
		};
		B621A26E2358B2280050393C /* Resources */ = {
			isa = PBXResourcesBuildPhase;
			buildActionMask = 2147483647;
			files = (
			);
			runOnlyForDeploymentPostprocessing = 0;
		};
/* End PBXResourcesBuildPhase section */

/* Begin PBXShellScriptBuildPhase section */
		FD8C42824C137D917FF43B0D /* [CP] Check Pods Manifest.lock */ = {
			isa = PBXShellScriptBuildPhase;
			buildActionMask = 2147483647;
			files = (
			);
			inputFileListPaths = (
			);
			inputPaths = (
				"${PODS_PODFILE_DIR_PATH}/Podfile.lock",
				"${PODS_ROOT}/Manifest.lock",
			);
			name = "[CP] Check Pods Manifest.lock";
			outputFileListPaths = (
			);
			outputPaths = (
				"$(DERIVED_FILE_DIR)/Pods-iosApp-checkManifestLockResult.txt",
			);
			runOnlyForDeploymentPostprocessing = 0;
			shellPath = /bin/sh;
			shellScript = "diff \"${PODS_PODFILE_DIR_PATH}/Podfile.lock\" \"${PODS_ROOT}/Manifest.lock\" > /dev/null\nif [ $? != 0 ] ; then\n    # print error to STDERR\n    echo \"error: The sandbox is not in sync with the Podfile.lock. Run 'pod install' or update your CocoaPods installation.\" >&2\n    exit 1\nfi\n# This output is used by Xcode 'outputs' to avoid re-running this script phase.\necho \"SUCCESS\" > \"${SCRIPT_OUTPUT_FILE_0}\"\n";
			showEnvVarsInLog = 0;
		};
/* End PBXShellScriptBuildPhase section */

/* Begin PBXSourcesBuildPhase section */
		B621A24D2358B2270050393C /* Sources */ = {
			isa = PBXSourcesBuildPhase;
			buildActionMask = 2147483647;
			files = (
				B621A2572358B2270050393C /* ViewController.swift in Sources */,
				B621A2552358B2270050393C /* AppDelegate.swift in Sources */,
			);
			runOnlyForDeploymentPostprocessing = 0;
		};
		B621A2612358B2280050393C /* Sources */ = {
			isa = PBXSourcesBuildPhase;
			buildActionMask = 2147483647;
			files = (
				B621A26A2358B2280050393C /* iosAppTests.swift in Sources */,
			);
			runOnlyForDeploymentPostprocessing = 0;
		};
		B621A26C2358B2280050393C /* Sources */ = {
			isa = PBXSourcesBuildPhase;
			buildActionMask = 2147483647;
			files = (
				B621A2752358B2280050393C /* iosAppUITests.swift in Sources */,
			);
			runOnlyForDeploymentPostprocessing = 0;
		};
/* End PBXSourcesBuildPhase section */

/* Begin PBXTargetDependency section */
		B621A2672358B2280050393C /* PBXTargetDependency */ = {
			isa = PBXTargetDependency;
			target = B621A2502358B2270050393C /* iosApp */;
			targetProxy = B621A2662358B2280050393C /* PBXContainerItemProxy */;
		};
		B621A2722358B2280050393C /* PBXTargetDependency */ = {
			isa = PBXTargetDependency;
			target = B621A2502358B2270050393C /* iosApp */;
			targetProxy = B621A2712358B2280050393C /* PBXContainerItemProxy */;
		};
/* End PBXTargetDependency section */

/* Begin PBXVariantGroup section */
		B621A2582358B2270050393C /* Main.storyboard */ = {
			isa = PBXVariantGroup;
			children = (
				B621A2592358B2270050393C /* Base */,
			);
			name = Main.storyboard;
			sourceTree = "<group>";
		};
		B621A25D2358B2280050393C /* LaunchScreen.storyboard */ = {
			isa = PBXVariantGroup;
			children = (
				B621A25E2358B2280050393C /* Base */,
			);
			name = LaunchScreen.storyboard;
			sourceTree = "<group>";
		};
/* End PBXVariantGroup section */

/* Begin XCBuildConfiguration section */
		B621A2772358B2280050393C /* Debug */ = {
			isa = XCBuildConfiguration;
			buildSettings = {
				ALWAYS_SEARCH_USER_PATHS = NO;
				CLANG_ANALYZER_NONNULL = YES;
				CLANG_ANALYZER_NUMBER_OBJECT_CONVERSION = YES_AGGRESSIVE;
				CLANG_CXX_LANGUAGE_STANDARD = "gnu++14";
				CLANG_CXX_LIBRARY = "libc++";
				CLANG_ENABLE_MODULES = YES;
				CLANG_ENABLE_OBJC_ARC = YES;
				CLANG_ENABLE_OBJC_WEAK = YES;
				CLANG_WARN_BLOCK_CAPTURE_AUTORELEASING = YES;
				CLANG_WARN_BOOL_CONVERSION = YES;
				CLANG_WARN_COMMA = YES;
				CLANG_WARN_CONSTANT_CONVERSION = YES;
				CLANG_WARN_DEPRECATED_OBJC_IMPLEMENTATIONS = YES;
				CLANG_WARN_DIRECT_OBJC_ISA_USAGE = YES_ERROR;
				CLANG_WARN_DOCUMENTATION_COMMENTS = YES;
				CLANG_WARN_EMPTY_BODY = YES;
				CLANG_WARN_ENUM_CONVERSION = YES;
				CLANG_WARN_INFINITE_RECURSION = YES;
				CLANG_WARN_INT_CONVERSION = YES;
				CLANG_WARN_NON_LITERAL_NULL_CONVERSION = YES;
				CLANG_WARN_OBJC_IMPLICIT_RETAIN_SELF = YES;
				CLANG_WARN_OBJC_LITERAL_CONVERSION = YES;
				CLANG_WARN_OBJC_ROOT_CLASS = YES_ERROR;
				CLANG_WARN_RANGE_LOOP_ANALYSIS = YES;
				CLANG_WARN_STRICT_PROTOTYPES = YES;
				CLANG_WARN_SUSPICIOUS_MOVE = YES;
				CLANG_WARN_UNGUARDED_AVAILABILITY = YES_AGGRESSIVE;
				CLANG_WARN_UNREACHABLE_CODE = YES;
				CLANG_WARN__DUPLICATE_METHOD_MATCH = YES;
				CODE_SIGN_IDENTITY = "iPhone Developer";
				COPY_PHASE_STRIP = NO;
				DEBUG_INFORMATION_FORMAT = dwarf;
				ENABLE_STRICT_OBJC_MSGSEND = YES;
				ENABLE_TESTABILITY = YES;
				GCC_C_LANGUAGE_STANDARD = gnu11;
				GCC_DYNAMIC_NO_PIC = NO;
				GCC_NO_COMMON_BLOCKS = YES;
				GCC_OPTIMIZATION_LEVEL = 0;
				GCC_PREPROCESSOR_DEFINITIONS = (
					"DEBUG=1",
					"$(inherited)",
				);
				GCC_WARN_64_TO_32_BIT_CONVERSION = YES;
				GCC_WARN_ABOUT_RETURN_TYPE = YES_ERROR;
				GCC_WARN_UNDECLARED_SELECTOR = YES;
				GCC_WARN_UNINITIALIZED_AUTOS = YES_AGGRESSIVE;
				GCC_WARN_UNUSED_FUNCTION = YES;
				GCC_WARN_UNUSED_VARIABLE = YES;
				IPHONEOS_DEPLOYMENT_TARGET = 12.4;
				MTL_ENABLE_DEBUG_INFO = INCLUDE_SOURCE;
				MTL_FAST_MATH = YES;
				ONLY_ACTIVE_ARCH = YES;
				SDKROOT = iphoneos;
				SWIFT_ACTIVE_COMPILATION_CONDITIONS = DEBUG;
				SWIFT_OPTIMIZATION_LEVEL = "-Onone";
			};
			name = Debug;
		};
		B621A2782358B2280050393C /* Release */ = {
			isa = XCBuildConfiguration;
			buildSettings = {
				ALWAYS_SEARCH_USER_PATHS = NO;
				CLANG_ANALYZER_NONNULL = YES;
				CLANG_ANALYZER_NUMBER_OBJECT_CONVERSION = YES_AGGRESSIVE;
				CLANG_CXX_LANGUAGE_STANDARD = "gnu++14";
				CLANG_CXX_LIBRARY = "libc++";
				CLANG_ENABLE_MODULES = YES;
				CLANG_ENABLE_OBJC_ARC = YES;
				CLANG_ENABLE_OBJC_WEAK = YES;
				CLANG_WARN_BLOCK_CAPTURE_AUTORELEASING = YES;
				CLANG_WARN_BOOL_CONVERSION = YES;
				CLANG_WARN_COMMA = YES;
				CLANG_WARN_CONSTANT_CONVERSION = YES;
				CLANG_WARN_DEPRECATED_OBJC_IMPLEMENTATIONS = YES;
				CLANG_WARN_DIRECT_OBJC_ISA_USAGE = YES_ERROR;
				CLANG_WARN_DOCUMENTATION_COMMENTS = YES;
				CLANG_WARN_EMPTY_BODY = YES;
				CLANG_WARN_ENUM_CONVERSION = YES;
				CLANG_WARN_INFINITE_RECURSION = YES;
				CLANG_WARN_INT_CONVERSION = YES;
				CLANG_WARN_NON_LITERAL_NULL_CONVERSION = YES;
				CLANG_WARN_OBJC_IMPLICIT_RETAIN_SELF = YES;
				CLANG_WARN_OBJC_LITERAL_CONVERSION = YES;
				CLANG_WARN_OBJC_ROOT_CLASS = YES_ERROR;
				CLANG_WARN_RANGE_LOOP_ANALYSIS = YES;
				CLANG_WARN_STRICT_PROTOTYPES = YES;
				CLANG_WARN_SUSPICIOUS_MOVE = YES;
				CLANG_WARN_UNGUARDED_AVAILABILITY = YES_AGGRESSIVE;
				CLANG_WARN_UNREACHABLE_CODE = YES;
				CLANG_WARN__DUPLICATE_METHOD_MATCH = YES;
				CODE_SIGN_IDENTITY = "iPhone Developer";
				COPY_PHASE_STRIP = NO;
				DEBUG_INFORMATION_FORMAT = "dwarf-with-dsym";
				ENABLE_NS_ASSERTIONS = NO;
				ENABLE_STRICT_OBJC_MSGSEND = YES;
				GCC_C_LANGUAGE_STANDARD = gnu11;
				GCC_NO_COMMON_BLOCKS = YES;
				GCC_WARN_64_TO_32_BIT_CONVERSION = YES;
				GCC_WARN_ABOUT_RETURN_TYPE = YES_ERROR;
				GCC_WARN_UNDECLARED_SELECTOR = YES;
				GCC_WARN_UNINITIALIZED_AUTOS = YES_AGGRESSIVE;
				GCC_WARN_UNUSED_FUNCTION = YES;
				GCC_WARN_UNUSED_VARIABLE = YES;
				IPHONEOS_DEPLOYMENT_TARGET = 12.4;
				MTL_ENABLE_DEBUG_INFO = NO;
				MTL_FAST_MATH = YES;
				SDKROOT = iphoneos;
				SWIFT_COMPILATION_MODE = wholemodule;
				SWIFT_OPTIMIZATION_LEVEL = "-O";
				VALIDATE_PRODUCT = YES;
			};
			name = Release;
		};
		B621A27A2358B2280050393C /* Debug */ = {
			isa = XCBuildConfiguration;
			baseConfigurationReference = 515EB94C7183FB7B14436701 /* Pods-iosApp.debug.xcconfig */;
			buildSettings = {
				ASSETCATALOG_COMPILER_APPICON_NAME = AppIcon;
				CODE_SIGN_STYLE = Automatic;
				INFOPLIST_FILE = iosApp/Info.plist;
				LD_RUNPATH_SEARCH_PATHS = (
					"$(inherited)",
					"@executable_path/Frameworks",
				);
				PRODUCT_BUNDLE_IDENTIFIER = iosApp.iosApp;
				PRODUCT_NAME = "$(TARGET_NAME)";
				SWIFT_VERSION = 5.0;
				TARGETED_DEVICE_FAMILY = "1,2";
			};
			name = Debug;
		};
		B621A27B2358B2280050393C /* Release */ = {
			isa = XCBuildConfiguration;
			baseConfigurationReference = E30AC6C269AA06E58714A61B /* Pods-iosApp.release.xcconfig */;
			buildSettings = {
				ASSETCATALOG_COMPILER_APPICON_NAME = AppIcon;
				CODE_SIGN_STYLE = Automatic;
				INFOPLIST_FILE = iosApp/Info.plist;
				LD_RUNPATH_SEARCH_PATHS = (
					"$(inherited)",
					"@executable_path/Frameworks",
				);
				PRODUCT_BUNDLE_IDENTIFIER = iosApp.iosApp;
				PRODUCT_NAME = "$(TARGET_NAME)";
				SWIFT_VERSION = 5.0;
				TARGETED_DEVICE_FAMILY = "1,2";
			};
			name = Release;
		};
		B621A27D2358B2280050393C /* Debug */ = {
			isa = XCBuildConfiguration;
			buildSettings = {
				ALWAYS_EMBED_SWIFT_STANDARD_LIBRARIES = YES;
				BUNDLE_LOADER = "$(TEST_HOST)";
				CODE_SIGN_STYLE = Automatic;
				INFOPLIST_FILE = iosAppTests/Info.plist;
				LD_RUNPATH_SEARCH_PATHS = (
					"$(inherited)",
					"@executable_path/Frameworks",
					"@loader_path/Frameworks",
				);
				PRODUCT_BUNDLE_IDENTIFIER = iosApp.iosAppTests;
				PRODUCT_NAME = "$(TARGET_NAME)";
				SWIFT_VERSION = 5.0;
				TARGETED_DEVICE_FAMILY = "1,2";
				TEST_HOST = "$(BUILT_PRODUCTS_DIR)/iosApp.app/iosApp";
			};
			name = Debug;
		};
		B621A27E2358B2280050393C /* Release */ = {
			isa = XCBuildConfiguration;
			buildSettings = {
				ALWAYS_EMBED_SWIFT_STANDARD_LIBRARIES = YES;
				BUNDLE_LOADER = "$(TEST_HOST)";
				CODE_SIGN_STYLE = Automatic;
				INFOPLIST_FILE = iosAppTests/Info.plist;
				LD_RUNPATH_SEARCH_PATHS = (
					"$(inherited)",
					"@executable_path/Frameworks",
					"@loader_path/Frameworks",
				);
				PRODUCT_BUNDLE_IDENTIFIER = iosApp.iosAppTests;
				PRODUCT_NAME = "$(TARGET_NAME)";
				SWIFT_VERSION = 5.0;
				TARGETED_DEVICE_FAMILY = "1,2";
				TEST_HOST = "$(BUILT_PRODUCTS_DIR)/iosApp.app/iosApp";
			};
			name = Release;
		};
		B621A2802358B2280050393C /* Debug */ = {
			isa = XCBuildConfiguration;
			buildSettings = {
				ALWAYS_EMBED_SWIFT_STANDARD_LIBRARIES = YES;
				CODE_SIGN_STYLE = Automatic;
				INFOPLIST_FILE = iosAppUITests/Info.plist;
				LD_RUNPATH_SEARCH_PATHS = (
					"$(inherited)",
					"@executable_path/Frameworks",
					"@loader_path/Frameworks",
				);
				PRODUCT_BUNDLE_IDENTIFIER = iosApp.iosAppUITests;
				PRODUCT_NAME = "$(TARGET_NAME)";
				SWIFT_VERSION = 5.0;
				TARGETED_DEVICE_FAMILY = "1,2";
				TEST_TARGET_NAME = iosApp;
			};
			name = Debug;
		};
		B621A2812358B2280050393C /* Release */ = {
			isa = XCBuildConfiguration;
			buildSettings = {
				ALWAYS_EMBED_SWIFT_STANDARD_LIBRARIES = YES;
				CODE_SIGN_STYLE = Automatic;
				INFOPLIST_FILE = iosAppUITests/Info.plist;
				LD_RUNPATH_SEARCH_PATHS = (
					"$(inherited)",
					"@executable_path/Frameworks",
					"@loader_path/Frameworks",
				);
				PRODUCT_BUNDLE_IDENTIFIER = iosApp.iosAppUITests;
				PRODUCT_NAME = "$(TARGET_NAME)";
				SWIFT_VERSION = 5.0;
				TARGETED_DEVICE_FAMILY = "1,2";
				TEST_TARGET_NAME = iosApp;
			};
			name = Release;
		};
/* End XCBuildConfiguration section */

/* Begin XCConfigurationList section */
		B621A24C2358B2270050393C /* Build configuration list for PBXProject "iosApp" */ = {
			isa = XCConfigurationList;
			buildConfigurations = (
				B621A2772358B2280050393C /* Debug */,
				B621A2782358B2280050393C /* Release */,
			);
			defaultConfigurationIsVisible = 0;
			defaultConfigurationName = Release;
		};
		B621A2792358B2280050393C /* Build configuration list for PBXNativeTarget "iosApp" */ = {
			isa = XCConfigurationList;
			buildConfigurations = (
				B621A27A2358B2280050393C /* Debug */,
				B621A27B2358B2280050393C /* Release */,
			);
			defaultConfigurationIsVisible = 0;
			defaultConfigurationName = Release;
		};
		B621A27C2358B2280050393C /* Build configuration list for PBXNativeTarget "iosAppTests" */ = {
			isa = XCConfigurationList;
			buildConfigurations = (
				B621A27D2358B2280050393C /* Debug */,
				B621A27E2358B2280050393C /* Release */,
			);
			defaultConfigurationIsVisible = 0;
			defaultConfigurationName = Release;
		};
		B621A27F2358B2280050393C /* Build configuration list for PBXNativeTarget "iosAppUITests" */ = {
			isa = XCConfigurationList;
			buildConfigurations = (
				B621A2802358B2280050393C /* Debug */,
				B621A2812358B2280050393C /* Release */,
			);
			defaultConfigurationIsVisible = 0;
			defaultConfigurationName = Release;
		};
/* End XCConfigurationList section */
	};
	rootObject = B621A2492358B2270050393C /* Project object */;
}
